Microsoft Visual Studio Solution File, Format Version 12.00
# Visual Studio 2013
VisualStudioVersion = 12.0.30203.2
MinimumVisualStudioVersion = 10.0.40219.1
Project("{D954291E-2A0B-460D-934E-DC6B0785DB48}") = "Exampleunity5.Shared", "Exampleunity5\Exampleunity5.Shared\Exampleunity5.Shared.shproj", "{D550EBEE-7F16-4918-B2C6-7BEF519B3973}"
EndProject
Project("{FAE04EC0-301F-11D3-BF4B-00C04F79EFBC}") = "Exampleunity5.Windows", "Exampleunity5\Exampleunity5.Windows\Exampleunity5.Windows.csproj", "{35D6339A-CE46-45E5-A16C-57F576011BFF}"
  ProjectSection(ProjectDependencies) = postProject
  EndProjectSection
EndProject
Project("{FAE04EC0-301F-11D3-BF4B-00C04F79EFBC}") = "Exampleunity5.WindowsPhone", "Exampleunity5\Exampleunity5.WindowsPhone\Exampleunity5.WindowsPhone.csproj", "{D378C147-0ABA-4592-AB27-04F0DB138842}"
  ProjectSection(ProjectDependencies) = postProject
  EndProjectSection
EndProject

Global
	GlobalSection(SolutionConfigurationPlatforms) = preSolution
		Debug|ARM = Debug|ARM
		Debug|x86 = Debug|x86
		Master|ARM = Master|ARM
		Master|x86 = Master|x86
		Release|ARM = Release|ARM
		Release|x86 = Release|x86
	EndGlobalSection
	GlobalSection(ProjectConfigurationPlatforms) = postSolution
      {35D6339A-CE46-45E5-A16C-57F576011BFF}.Debug|ARM.ActiveCfg = Debug|ARM
      {35D6339A-CE46-45E5-A16C-57F576011BFF}.Debug|ARM.Build.0 = Debug|ARM
      {35D6339A-CE46-45E5-A16C-57F576011BFF}.Debug|ARM.Deploy.0 = Debug|ARM
      {35D6339A-CE46-45E5-A16C-57F576011BFF}.Debug|x86.ActiveCfg = Debug|x86
      {35D6339A-CE46-45E5-A16C-57F576011BFF}.Debug|x86.Build.0 = Debug|x86
      {35D6339A-CE46-45E5-A16C-57F576011BFF}.Debug|x86.Deploy.0 = Debug|x86
      {35D6339A-CE46-45E5-A16C-57F576011BFF}.Master|ARM.ActiveCfg = Master|ARM
      {35D6339A-CE46-45E5-A16C-57F576011BFF}.Master|ARM.Build.0 = Master|ARM
      {35D6339A-CE46-45E5-A16C-57F576011BFF}.Master|ARM.Deploy.0 = Master|ARM
      {35D6339A-CE46-45E5-A16C-57F576011BFF}.Master|x86.ActiveCfg = Master|x86
      {35D6339A-CE46-45E5-A16C-57F576011BFF}.Master|x86.Build.0 = Master|x86
      {35D6339A-CE46-45E5-A16C-57F576011BFF}.Master|x86.Deploy.0 = Master|x86
      {35D6339A-CE46-45E5-A16C-57F576011BFF}.Release|ARM.ActiveCfg = Release|ARM
      {35D6339A-CE46-45E5-A16C-57F576011BFF}.Release|ARM.Build.0 = Release|ARM
      {35D6339A-CE46-45E5-A16C-57F576011BFF}.Release|ARM.Deploy.0 = Release|ARM
      {35D6339A-CE46-45E5-A16C-57F576011BFF}.Release|x86.ActiveCfg = Release|x86
      {35D6339A-CE46-45E5-A16C-57F576011BFF}.Release|x86.Build.0 = Release|x86
      {35D6339A-CE46-45E5-A16C-57F576011BFF}.Release|x86.Deploy.0 = Release|x86
      {D378C147-0ABA-4592-AB27-04F0DB138842}.Debug|ARM.ActiveCfg = Debug|ARM
      {D378C147-0ABA-4592-AB27-04F0DB138842}.Debug|ARM.Build.0 = Debug|ARM
      {D378C147-0ABA-4592-AB27-04F0DB138842}.Debug|ARM.Deploy.0 = Debug|ARM
      {D378C147-0ABA-4592-AB27-04F0DB138842}.Debug|x86.ActiveCfg = Debug|x86
      {D378C147-0ABA-4592-AB27-04F0DB138842}.Debug|x86.Build.0 = Debug|x86
      {D378C147-0ABA-4592-AB27-04F0DB138842}.Debug|x86.Deploy.0 = Debug|x86
      {D378C147-0ABA-4592-AB27-04F0DB138842}.Master|ARM.ActiveCfg = Master|ARM
      {D378C147-0ABA-4592-AB27-04F0DB138842}.Master|ARM.Build.0 = Master|ARM
      {D378C147-0ABA-4592-AB27-04F0DB138842}.Master|ARM.Deploy.0 = Master|ARM
      {D378C147-0ABA-4592-AB27-04F0DB138842}.Master|x86.ActiveCfg = Master|x86
      {D378C147-0ABA-4592-AB27-04F0DB138842}.Master|x86.Build.0 = Master|x86
      {D378C147-0ABA-4592-AB27-04F0DB138842}.Master|x86.Deploy.0 = Master|x86
      {D378C147-0ABA-4592-AB27-04F0DB138842}.Release|ARM.ActiveCfg = Release|ARM
      {D378C147-0ABA-4592-AB27-04F0DB138842}.Release|ARM.Build.0 = Release|ARM
      {D378C147-0ABA-4592-AB27-04F0DB138842}.Release|ARM.Deploy.0 = Release|ARM
      {D378C147-0ABA-4592-AB27-04F0DB138842}.Release|x86.ActiveCfg = Release|x86
      {D378C147-0ABA-4592-AB27-04F0DB138842}.Release|x86.Build.0 = Release|x86
	EndGlobalSection
	GlobalSection(SolutionProperties) = preSolution
		HideSolutionNode = FALSE
	EndGlobalSection
EndGlobal